// !$*UTF8*$!
{
	archiveVersion = 1;
	classes = {
	};
	objectVersion = 46;
	objects = {

/* Begin PBXBuildFile section */
		5659478218DDCF8200066ECE /* 157846_darkmast49_fightscene (mp3cut.net).wav in Resources */ = {isa = PBXBuildFile; fileRef = 5659477518DDCF8200066ECE /* 157846_darkmast49_fightscene (mp3cut.net).wav */; };
		5659478318DDCF8200066ECE /* 138490__randomationpictures__powerdown-2.wav in Resources */ = {isa = PBXBuildFile; fileRef = 5659477618DDCF8200066ECE /* 138490__randomationpictures__powerdown-2.wav */; };
		5659478418DDCF8200066ECE /* Computer Error-SoundBible.com-1655839472.wav in Resources */ = {isa = PBXBuildFile; fileRef = 5659477718DDCF8200066ECE /* Computer Error-SoundBible.com-1655839472.wav */; };
		5659478518DDCF8200066ECE /* 157846__darkmast49__fightscene.mp3 in Resources */ = {isa = PBXBuildFile; fileRef = 5659477818DDCF8200066ECE /* 157846__darkmast49__fightscene.mp3 */; };
		5659478618DDCF8200066ECE /* 177120__rdholder__2dogsound-tadaa1-3s-2013jan31-cc-by-30-us.wav in Resources */ = {isa = PBXBuildFile; fileRef = 5659477918DDCF8200066ECE /* 177120__rdholder__2dogsound-tadaa1-3s-2013jan31-cc-by-30-us.wav */; };
		5659478718DDCF8200066ECE /* 171671__fins__success-1.wav in Resources */ = {isa = PBXBuildFile; fileRef = 5659477A18DDCF8200066ECE /* 171671__fins__success-1.wav */; };
		5659478918DDCF8200066ECE /* 219005__yap-audio-production__weaponswipe03.mp3 in Resources */ = {isa = PBXBuildFile; fileRef = 5659477C18DDCF8200066ECE /* 219005__yap-audio-production__weaponswipe03.mp3 */; };
		5659478A18DDCF8200066ECE /* 83237__mlestn1__pop.wav in Resources */ = {isa = PBXBuildFile; fileRef = 5659477D18DDCF8200066ECE /* 83237__mlestn1__pop.wav */; };
		5659478B18DDCF8200066ECE /* 67095__sunnysidesound__pop-9.aif in Resources */ = {isa = PBXBuildFile; fileRef = 5659477E18DDCF8200066ECE /* 67095__sunnysidesound__pop-9.aif */; };
		5659478C18DDCF8200066ECE /* 202230__deraj__pop-sound.wav in Resources */ = {isa = PBXBuildFile; fileRef = 5659477F18DDCF8200066ECE /* 202230__deraj__pop-sound.wav */; };
		5659478D18DDCF8200066ECE /* 47498__carlsablowedwards__mouthpop-02.wav in Resources */ = {isa = PBXBuildFile; fileRef = 5659478018DDCF8200066ECE /* 47498__carlsablowedwards__mouthpop-02.wav */; };
		5659478E18DDCF8200066ECE /* The Binary Code Song.mp3 in Resources */ = {isa = PBXBuildFile; fileRef = 5659478118DDCF8200066ECE /* The Binary Code Song.mp3 */; };
		5689E49018DDC9D200FF1594 /* Social.framework in Frameworks */ = {isa = PBXBuildFile; fileRef = 5689E48F18DDC9D100FF1594 /* Social.framework */; };
		5689E49218DDC9D900FF1594 /* AVFoundation.framework in Frameworks */ = {isa = PBXBuildFile; fileRef = 5689E49118DDC9D900FF1594 /* AVFoundation.framework */; };
		A6523F0F18DCCEA8001A68F0 /* QuartzCore.framework in Frameworks */ = {isa = PBXBuildFile; fileRef = A6523F0E18DCCEA8001A68F0 /* QuartzCore.framework */; };
		A6523F1218DCF0B2001A68F0 /* NRTile.m in Sources */ = {isa = PBXBuildFile; fileRef = A6523F1118DCF0B2001A68F0 /* NRTile.m */; };
		A6523F1818DD19FA001A68F0 /* NRTileMatrix.m in Sources */ = {isa = PBXBuildFile; fileRef = A6523F1718DD19FA001A68F0 /* NRTileMatrix.m */; };
		A6A4005F18DC76E800E11F35 /* NRTileMap.m in Sources */ = {isa = PBXBuildFile; fileRef = A6A4005E18DC76E800E11F35 /* NRTileMap.m */; };
		A6B1259218DC733900D07377 /* Main.storyboard in Resources */ = {isa = PBXBuildFile; fileRef = A6B2849A18DB210F00E2654D /* Main.storyboard */; };
		A6B2848718DB210F00E2654D /* Foundation.framework in Frameworks */ = {isa = PBXBuildFile; fileRef = A6B2848618DB210E00E2654D /* Foundation.framework */; };
		A6B2848918DB210F00E2654D /* CoreGraphics.framework in Frameworks */ = {isa = PBXBuildFile; fileRef = A6B2848818DB210F00E2654D /* CoreGraphics.framework */; };
		A6B2848B18DB210F00E2654D /* UIKit.framework in Frameworks */ = {isa = PBXBuildFile; fileRef = A6B2848A18DB210F00E2654D /* UIKit.framework */; };
		A6B2848D18DB210F00E2654D /* SpriteKit.framework in Frameworks */ = {isa = PBXBuildFile; fileRef = A6B2848C18DB210F00E2654D /* SpriteKit.framework */; };
		A6B2849518DB210F00E2654D /* main.m in Sources */ = {isa = PBXBuildFile; fileRef = A6B2849418DB210F00E2654D /* main.m */; };
		A6B2849918DB210F00E2654D /* NRAppDelegate.m in Sources */ = {isa = PBXBuildFile; fileRef = A6B2849818DB210F00E2654D /* NRAppDelegate.m */; };
		A6B2849F18DB210F00E2654D /* NRGameViewController.m in Sources */ = {isa = PBXBuildFile; fileRef = A6B2849E18DB210F00E2654D /* NRGameViewController.m */; };
		A6B284A218DB210F00E2654D /* NRGameScene.m in Sources */ = {isa = PBXBuildFile; fileRef = A6B284A118DB210F00E2654D /* NRGameScene.m */; };
		A6B284A618DB210F00E2654D /* Images.xcassets in Resources */ = {isa = PBXBuildFile; fileRef = A6B284A518DB210F00E2654D /* Images.xcassets */; };
		A6B284AD18DB210F00E2654D /* XCTest.framework in Frameworks */ = {isa = PBXBuildFile; fileRef = A6B284AC18DB210F00E2654D /* XCTest.framework */; };
		A6B284AE18DB210F00E2654D /* Foundation.framework in Frameworks */ = {isa = PBXBuildFile; fileRef = A6B2848618DB210E00E2654D /* Foundation.framework */; };
		A6B284AF18DB210F00E2654D /* UIKit.framework in Frameworks */ = {isa = PBXBuildFile; fileRef = A6B2848A18DB210F00E2654D /* UIKit.framework */; };
		A6B284B718DB210F00E2654D /* InfoPlist.strings in Resources */ = {isa = PBXBuildFile; fileRef = A6B284B518DB210F00E2654D /* InfoPlist.strings */; };
		A6B284B918DB210F00E2654D /* TW048Tests.m in Sources */ = {isa = PBXBuildFile; fileRef = A6B284B818DB210F00E2654D /* TW048Tests.m */; };
		A6E5A3EC18DDFB990082410C /* MZFormSheetBackgroundWindow.m in Sources */ = {isa = PBXBuildFile; fileRef = A6E5A3DF18DDFB990082410C /* MZFormSheetBackgroundWindow.m */; };
		A6E5A3ED18DDFB990082410C /* MZFormSheetBackgroundWindowViewController.m in Sources */ = {isa = PBXBuildFile; fileRef = A6E5A3E118DDFB990082410C /* MZFormSheetBackgroundWindowViewController.m */; };
		A6E5A3EE18DDFB990082410C /* MZFormSheetController.m in Sources */ = {isa = PBXBuildFile; fileRef = A6E5A3E318DDFB990082410C /* MZFormSheetController.m */; };
		A6E5A3EF18DDFB990082410C /* MZFormSheetSegue.m in Sources */ = {isa = PBXBuildFile; fileRef = A6E5A3E518DDFB990082410C /* MZFormSheetSegue.m */; };
		A6E5A3F018DDFB990082410C /* MZTransition.m in Sources */ = {isa = PBXBuildFile; fileRef = A6E5A3E718DDFB990082410C /* MZTransition.m */; };
		A6E5A3F118DDFB990082410C /* UIImage+Additional.m in Sources */ = {isa = PBXBuildFile; fileRef = A6E5A3E918DDFB990082410C /* UIImage+Additional.m */; };
		A6E5A3F218DDFB990082410C /* UIViewController+TargetViewController.m in Sources */ = {isa = PBXBuildFile; fileRef = A6E5A3EB18DDFB990082410C /* UIViewController+TargetViewController.m */; };
		A6E5A3F518DDFC700082410C /* NRGameOverSheetViewController.m in Sources */ = {isa = PBXBuildFile; fileRef = A6E5A3F418DDFC700082410C /* NRGameOverSheetViewController.m */; };
		A6E5A3FB18DDFDD00082410C /* MZAppearance.m in Sources */ = {isa = PBXBuildFile; fileRef = A6E5A3F818DDFDD00082410C /* MZAppearance.m */; };
		A6E5A3FC18DDFDD00082410C /* NSInvocation+Copy.m in Sources */ = {isa = PBXBuildFile; fileRef = A6E5A3FA18DDFDD00082410C /* NSInvocation+Copy.m */; };
		A6E79CF318DDD2C600301D99 /* Acknowledgements.md in Resources */ = {isa = PBXBuildFile; fileRef = A6E79CF218DDD2C600301D99 /* Acknowledgements.md */; };
		A6E79CF618DDEC9D00301D99 /* SoundPlayer.m in Sources */ = {isa = PBXBuildFile; fileRef = A6E79CF518DDEC9D00301D99 /* SoundPlayer.m */; };
/* End PBXBuildFile section */

/* Begin PBXContainerItemProxy section */
		A6B284B018DB210F00E2654D /* PBXContainerItemProxy */ = {
			isa = PBXContainerItemProxy;
			containerPortal = A6B2847B18DB210D00E2654D /* Project object */;
			proxyType = 1;
			remoteGlobalIDString = A6B2848218DB210E00E2654D;
			remoteInfo = TW048;
		};
/* End PBXContainerItemProxy section */

/* Begin PBXFileReference section */
		5659477518DDCF8200066ECE /* 157846_darkmast49_fightscene (mp3cut.net).wav */ = {isa = PBXFileReference; lastKnownFileType = audio.wav; path = "157846_darkmast49_fightscene (mp3cut.net).wav"; sourceTree = "<group>"; };
		5659477618DDCF8200066ECE /* 138490__randomationpictures__powerdown-2.wav */ = {isa = PBXFileReference; lastKnownFileType = audio.wav; path = "138490__randomationpictures__powerdown-2.wav"; sourceTree = "<group>"; };
		5659477718DDCF8200066ECE /* Computer Error-SoundBible.com-1655839472.wav */ = {isa = PBXFileReference; lastKnownFileType = audio.wav; path = "Computer Error-SoundBible.com-1655839472.wav"; sourceTree = "<group>"; };
		5659477818DDCF8200066ECE /* 157846__darkmast49__fightscene.mp3 */ = {isa = PBXFileReference; lastKnownFileType = audio.mp3; path = 157846__darkmast49__fightscene.mp3; sourceTree = "<group>"; };
		5659477918DDCF8200066ECE /* 177120__rdholder__2dogsound-tadaa1-3s-2013jan31-cc-by-30-us.wav */ = {isa = PBXFileReference; lastKnownFileType = audio.wav; path = "177120__rdholder__2dogsound-tadaa1-3s-2013jan31-cc-by-30-us.wav"; sourceTree = "<group>"; };
		5659477A18DDCF8200066ECE /* 171671__fins__success-1.wav */ = {isa = PBXFileReference; lastKnownFileType = audio.wav; path = "171671__fins__success-1.wav"; sourceTree = "<group>"; };
		5659477C18DDCF8200066ECE /* 219005__yap-audio-production__weaponswipe03.mp3 */ = {isa = PBXFileReference; lastKnownFileType = audio.mp3; path = "219005__yap-audio-production__weaponswipe03.mp3"; sourceTree = "<group>"; };
		5659477D18DDCF8200066ECE /* 83237__mlestn1__pop.wav */ = {isa = PBXFileReference; lastKnownFileType = audio.wav; path = 83237__mlestn1__pop.wav; sourceTree = "<group>"; };
		5659477E18DDCF8200066ECE /* 67095__sunnysidesound__pop-9.aif */ = {isa = PBXFileReference; lastKnownFileType = file; path = "67095__sunnysidesound__pop-9.aif"; sourceTree = "<group>"; };
		5659477F18DDCF8200066ECE /* 202230__deraj__pop-sound.wav */ = {isa = PBXFileReference; lastKnownFileType = audio.wav; path = "202230__deraj__pop-sound.wav"; sourceTree = "<group>"; };
		5659478018DDCF8200066ECE /* 47498__carlsablowedwards__mouthpop-02.wav */ = {isa = PBXFileReference; lastKnownFileType = audio.wav; path = "47498__carlsablowedwards__mouthpop-02.wav"; sourceTree = "<group>"; };
		5659478118DDCF8200066ECE /* The Binary Code Song.mp3 */ = {isa = PBXFileReference; lastKnownFileType = audio.mp3; path = "The Binary Code Song.mp3"; sourceTree = "<group>"; };
		5689E48F18DDC9D100FF1594 /* Social.framework */ = {isa = PBXFileReference; lastKnownFileType = wrapper.framework; name = Social.framework; path = System/Library/Frameworks/Social.framework; sourceTree = SDKROOT; };
		5689E49118DDC9D900FF1594 /* AVFoundation.framework */ = {isa = PBXFileReference; lastKnownFileType = wrapper.framework; name = AVFoundation.framework; path = System/Library/Frameworks/AVFoundation.framework; sourceTree = SDKROOT; };
		56C1173E18DF941300F6E79B /* LauchImageR4.png */ = {isa = PBXFileReference; lastKnownFileType = image.png; path = LauchImageR4.png; sourceTree = "<group>"; };
		56C1173F18DF941300F6E79B /* LauchImage@2x.png */ = {isa = PBXFileReference; lastKnownFileType = image.png; path = "LauchImage@2x.png"; sourceTree = "<group>"; };
		56C1174418DF944D00F6E79B /* AppIcon29x29.png */ = {isa = PBXFileReference; lastKnownFileType = image.png; path = AppIcon29x29.png; sourceTree = "<group>"; };
		56C1174518DF944D00F6E79B /* AppIcon29x29@2x.png */ = {isa = PBXFileReference; lastKnownFileType = image.png; path = "AppIcon29x29@2x.png"; sourceTree = "<group>"; };
		56C1174618DF944D00F6E79B /* AppIcon40x40.png */ = {isa = PBXFileReference; lastKnownFileType = image.png; path = AppIcon40x40.png; sourceTree = "<group>"; };
		56C1174718DF944D00F6E79B /* AppIcon40x40@2x.png */ = {isa = PBXFileReference; lastKnownFileType = image.png; path = "AppIcon40x40@2x.png"; sourceTree = "<group>"; };
		56C1174818DF944D00F6E79B /* AppIcon50x50.png */ = {isa = PBXFileReference; lastKnownFileType = image.png; path = AppIcon50x50.png; sourceTree = "<group>"; };
		56C1174918DF944D00F6E79B /* AppIcon50x50@2x.png */ = {isa = PBXFileReference; lastKnownFileType = image.png; path = "AppIcon50x50@2x.png"; sourceTree = "<group>"; };
		56C1174A18DF944D00F6E79B /* AppIcon57x57.png */ = {isa = PBXFileReference; lastKnownFileType = image.png; path = AppIcon57x57.png; sourceTree = "<group>"; };
		56C1174B18DF944D00F6E79B /* AppIcon57x57@2x.png */ = {isa = PBXFileReference; lastKnownFileType = image.png; path = "AppIcon57x57@2x.png"; sourceTree = "<group>"; };
		56C1174C18DF944D00F6E79B /* AppIcon60x60.png */ = {isa = PBXFileReference; lastKnownFileType = image.png; path = AppIcon60x60.png; sourceTree = "<group>"; };
		56C1174D18DF944D00F6E79B /* AppIcon60x60@2x.png */ = {isa = PBXFileReference; lastKnownFileType = image.png; path = "AppIcon60x60@2x.png"; sourceTree = "<group>"; };
		56C1174E18DF944D00F6E79B /* AppIcon72x72.png */ = {isa = PBXFileReference; lastKnownFileType = image.png; path = AppIcon72x72.png; sourceTree = "<group>"; };
		56C1174F18DF944D00F6E79B /* AppIcon72x72@2x.png */ = {isa = PBXFileReference; lastKnownFileType = image.png; path = "AppIcon72x72@2x.png"; sourceTree = "<group>"; };
		56C1175018DF944D00F6E79B /* AppIcon76x76.png */ = {isa = PBXFileReference; lastKnownFileType = image.png; path = AppIcon76x76.png; sourceTree = "<group>"; };
		56C1175118DF944D00F6E79B /* AppIcon76x76@2x.png */ = {isa = PBXFileReference; lastKnownFileType = image.png; path = "AppIcon76x76@2x.png"; sourceTree = "<group>"; };
		56C1175218DF944D00F6E79B /* iTunesArtwork.png */ = {isa = PBXFileReference; lastKnownFileType = image.png; path = iTunesArtwork.png; sourceTree = "<group>"; };
		56C1175318DF944D00F6E79B /* iTunesArtwork@2x.png */ = {isa = PBXFileReference; lastKnownFileType = image.png; path = "iTunesArtwork@2x.png"; sourceTree = "<group>"; };
		A6523F0E18DCCEA8001A68F0 /* QuartzCore.framework */ = {isa = PBXFileReference; lastKnownFileType = wrapper.framework; name = QuartzCore.framework; path = System/Library/Frameworks/QuartzCore.framework; sourceTree = SDKROOT; };
		A6523F1018DCF0B2001A68F0 /* NRTile.h */ = {isa = PBXFileReference; fileEncoding = 4; lastKnownFileType = sourcecode.c.h; path = NRTile.h; sourceTree = "<group>"; };
		A6523F1118DCF0B2001A68F0 /* NRTile.m */ = {isa = PBXFileReference; fileEncoding = 4; lastKnownFileType = sourcecode.c.objc; path = NRTile.m; sourceTree = "<group>"; };
		A6523F1618DD19FA001A68F0 /* NRTileMatrix.h */ = {isa = PBXFileReference; fileEncoding = 4; lastKnownFileType = sourcecode.c.h; path = NRTileMatrix.h; sourceTree = "<group>"; };
		A6523F1718DD19FA001A68F0 /* NRTileMatrix.m */ = {isa = PBXFileReference; fileEncoding = 4; lastKnownFileType = sourcecode.c.objc; path = NRTileMatrix.m; sourceTree = "<group>"; };
		A6A4005D18DC76E800E11F35 /* NRTileMap.h */ = {isa = PBXFileReference; fileEncoding = 4; lastKnownFileType = sourcecode.c.h; path = NRTileMap.h; sourceTree = "<group>"; };
		A6A4005E18DC76E800E11F35 /* NRTileMap.m */ = {isa = PBXFileReference; fileEncoding = 4; lastKnownFileType = sourcecode.c.objc; path = NRTileMap.m; sourceTree = "<group>"; };
		A6B2848318DB210E00E2654D /* TW048.app */ = {isa = PBXFileReference; explicitFileType = wrapper.application; includeInIndex = 0; path = TW048.app; sourceTree = BUILT_PRODUCTS_DIR; };
		A6B2848618DB210E00E2654D /* Foundation.framework */ = {isa = PBXFileReference; lastKnownFileType = wrapper.framework; name = Foundation.framework; path = System/Library/Frameworks/Foundation.framework; sourceTree = SDKROOT; };
		A6B2848818DB210F00E2654D /* CoreGraphics.framework */ = {isa = PBXFileReference; lastKnownFileType = wrapper.framework; name = CoreGraphics.framework; path = System/Library/Frameworks/CoreGraphics.framework; sourceTree = SDKROOT; };
		A6B2848A18DB210F00E2654D /* UIKit.framework */ = {isa = PBXFileReference; lastKnownFileType = wrapper.framework; name = UIKit.framework; path = System/Library/Frameworks/UIKit.framework; sourceTree = SDKROOT; };
		A6B2848C18DB210F00E2654D /* SpriteKit.framework */ = {isa = PBXFileReference; lastKnownFileType = wrapper.framework; name = SpriteKit.framework; path = System/Library/Frameworks/SpriteKit.framework; sourceTree = SDKROOT; };
		A6B2849018DB210F00E2654D /* TW048-Info.plist */ = {isa = PBXFileReference; lastKnownFileType = text.plist.xml; path = "TW048-Info.plist"; sourceTree = "<group>"; };
		A6B2849218DB210F00E2654D /* en */ = {isa = PBXFileReference; lastKnownFileType = text.plist.strings; name = en; path = en.lproj/InfoPlist.strings; sourceTree = "<group>"; };
		A6B2849418DB210F00E2654D /* main.m */ = {isa = PBXFileReference; lastKnownFileType = sourcecode.c.objc; path = main.m; sourceTree = "<group>"; };
		A6B2849618DB210F00E2654D /* TW048-Prefix.pch */ = {isa = PBXFileReference; lastKnownFileType = sourcecode.c.h; path = "TW048-Prefix.pch"; sourceTree = "<group>"; };
		A6B2849718DB210F00E2654D /* NRAppDelegate.h */ = {isa = PBXFileReference; lastKnownFileType = sourcecode.c.h; path = NRAppDelegate.h; sourceTree = "<group>"; };
		A6B2849818DB210F00E2654D /* NRAppDelegate.m */ = {isa = PBXFileReference; lastKnownFileType = sourcecode.c.objc; path = NRAppDelegate.m; sourceTree = "<group>"; };
		A6B2849B18DB210F00E2654D /* Base */ = {isa = PBXFileReference; lastKnownFileType = file.storyboard; name = Base; path = Base.lproj/Main.storyboard; sourceTree = "<group>"; };
		A6B2849D18DB210F00E2654D /* NRGameViewController.h */ = {isa = PBXFileReference; lastKnownFileType = sourcecode.c.h; path = NRGameViewController.h; sourceTree = "<group>"; };
		A6B2849E18DB210F00E2654D /* NRGameViewController.m */ = {isa = PBXFileReference; lastKnownFileType = sourcecode.c.objc; path = NRGameViewController.m; sourceTree = "<group>"; };
		A6B284A018DB210F00E2654D /* NRGameScene.h */ = {isa = PBXFileReference; lastKnownFileType = sourcecode.c.h; path = NRGameScene.h; sourceTree = "<group>"; };
		A6B284A118DB210F00E2654D /* NRGameScene.m */ = {isa = PBXFileReference; lastKnownFileType = sourcecode.c.objc; path = NRGameScene.m; sourceTree = "<group>"; };
		A6B284A518DB210F00E2654D /* Images.xcassets */ = {isa = PBXFileReference; lastKnownFileType = folder.assetcatalog; path = Images.xcassets; sourceTree = "<group>"; };
		A6B284AB18DB210F00E2654D /* TW048Tests.xctest */ = {isa = PBXFileReference; explicitFileType = wrapper.cfbundle; includeInIndex = 0; path = TW048Tests.xctest; sourceTree = BUILT_PRODUCTS_DIR; };
		A6B284AC18DB210F00E2654D /* XCTest.framework */ = {isa = PBXFileReference; lastKnownFileType = wrapper.framework; name = XCTest.framework; path = Library/Frameworks/XCTest.framework; sourceTree = DEVELOPER_DIR; };
		A6B284B418DB210F00E2654D /* TW048Tests-Info.plist */ = {isa = PBXFileReference; lastKnownFileType = text.plist.xml; path = "TW048Tests-Info.plist"; sourceTree = "<group>"; };
		A6B284B618DB210F00E2654D /* en */ = {isa = PBXFileReference; lastKnownFileType = text.plist.strings; name = en; path = en.lproj/InfoPlist.strings; sourceTree = "<group>"; };
		A6B284B818DB210F00E2654D /* TW048Tests.m */ = {isa = PBXFileReference; lastKnownFileType = sourcecode.c.objc; path = TW048Tests.m; sourceTree = "<group>"; };
		A6E5A3DE18DDFB990082410C /* MZFormSheetBackgroundWindow.h */ = {isa = PBXFileReference; fileEncoding = 4; lastKnownFileType = sourcecode.c.h; path = MZFormSheetBackgroundWindow.h; sourceTree = "<group>"; };
		A6E5A3DF18DDFB990082410C /* MZFormSheetBackgroundWindow.m */ = {isa = PBXFileReference; fileEncoding = 4; lastKnownFileType = sourcecode.c.objc; path = MZFormSheetBackgroundWindow.m; sourceTree = "<group>"; };
		A6E5A3E018DDFB990082410C /* MZFormSheetBackgroundWindowViewController.h */ = {isa = PBXFileReference; fileEncoding = 4; lastKnownFileType = sourcecode.c.h; path = MZFormSheetBackgroundWindowViewController.h; sourceTree = "<group>"; };
		A6E5A3E118DDFB990082410C /* MZFormSheetBackgroundWindowViewController.m */ = {isa = PBXFileReference; fileEncoding = 4; lastKnownFileType = sourcecode.c.objc; path = MZFormSheetBackgroundWindowViewController.m; sourceTree = "<group>"; };
		A6E5A3E218DDFB990082410C /* MZFormSheetController.h */ = {isa = PBXFileReference; fileEncoding = 4; lastKnownFileType = sourcecode.c.h; path = MZFormSheetController.h; sourceTree = "<group>"; };
		A6E5A3E318DDFB990082410C /* MZFormSheetController.m */ = {isa = PBXFileReference; fileEncoding = 4; lastKnownFileType = sourcecode.c.objc; path = MZFormSheetController.m; sourceTree = "<group>"; };
		A6E5A3E418DDFB990082410C /* MZFormSheetSegue.h */ = {isa = PBXFileReference; fileEncoding = 4; lastKnownFileType = sourcecode.c.h; path = MZFormSheetSegue.h; sourceTree = "<group>"; };
		A6E5A3E518DDFB990082410C /* MZFormSheetSegue.m */ = {isa = PBXFileReference; fileEncoding = 4; lastKnownFileType = sourcecode.c.objc; path = MZFormSheetSegue.m; sourceTree = "<group>"; };
		A6E5A3E618DDFB990082410C /* MZTransition.h */ = {isa = PBXFileReference; fileEncoding = 4; lastKnownFileType = sourcecode.c.h; path = MZTransition.h; sourceTree = "<group>"; };
		A6E5A3E718DDFB990082410C /* MZTransition.m */ = {isa = PBXFileReference; fileEncoding = 4; lastKnownFileType = sourcecode.c.objc; path = MZTransition.m; sourceTree = "<group>"; };
		A6E5A3E818DDFB990082410C /* UIImage+Additional.h */ = {isa = PBXFileReference; fileEncoding = 4; lastKnownFileType = sourcecode.c.h; path = "UIImage+Additional.h"; sourceTree = "<group>"; };
		A6E5A3E918DDFB990082410C /* UIImage+Additional.m */ = {isa = PBXFileReference; fileEncoding = 4; lastKnownFileType = sourcecode.c.objc; path = "UIImage+Additional.m"; sourceTree = "<group>"; };
		A6E5A3EA18DDFB990082410C /* UIViewController+TargetViewController.h */ = {isa = PBXFileReference; fileEncoding = 4; lastKnownFileType = sourcecode.c.h; path = "UIViewController+TargetViewController.h"; sourceTree = "<group>"; };
		A6E5A3EB18DDFB990082410C /* UIViewController+TargetViewController.m */ = {isa = PBXFileReference; fileEncoding = 4; lastKnownFileType = sourcecode.c.objc; path = "UIViewController+TargetViewController.m"; sourceTree = "<group>"; };
		A6E5A3F318DDFC700082410C /* NRGameOverSheetViewController.h */ = {isa = PBXFileReference; fileEncoding = 4; lastKnownFileType = sourcecode.c.h; path = NRGameOverSheetViewController.h; sourceTree = "<group>"; };
		A6E5A3F418DDFC700082410C /* NRGameOverSheetViewController.m */ = {isa = PBXFileReference; fileEncoding = 4; lastKnownFileType = sourcecode.c.objc; path = NRGameOverSheetViewController.m; sourceTree = "<group>"; };
		A6E5A3F718DDFDD00082410C /* MZAppearance.h */ = {isa = PBXFileReference; fileEncoding = 4; lastKnownFileType = sourcecode.c.h; path = MZAppearance.h; sourceTree = "<group>"; };
		A6E5A3F818DDFDD00082410C /* MZAppearance.m */ = {isa = PBXFileReference; fileEncoding = 4; lastKnownFileType = sourcecode.c.objc; path = MZAppearance.m; sourceTree = "<group>"; };
		A6E5A3F918DDFDD00082410C /* NSInvocation+Copy.h */ = {isa = PBXFileReference; fileEncoding = 4; lastKnownFileType = sourcecode.c.h; path = "NSInvocation+Copy.h"; sourceTree = "<group>"; };
		A6E5A3FA18DDFDD00082410C /* NSInvocation+Copy.m */ = {isa = PBXFileReference; fileEncoding = 4; lastKnownFileType = sourcecode.c.objc; path = "NSInvocation+Copy.m"; sourceTree = "<group>"; };
		A6E79CF218DDD2C600301D99 /* Acknowledgements.md */ = {isa = PBXFileReference; fileEncoding = 4; lastKnownFileType = text; path = Acknowledgements.md; sourceTree = "<group>"; };
		A6E79CF418DDEC9D00301D99 /* SoundPlayer.h */ = {isa = PBXFileReference; fileEncoding = 4; lastKnownFileType = sourcecode.c.h; path = SoundPlayer.h; sourceTree = "<group>"; };
		A6E79CF518DDEC9D00301D99 /* SoundPlayer.m */ = {isa = PBXFileReference; fileEncoding = 4; lastKnownFileType = sourcecode.c.objc; path = SoundPlayer.m; sourceTree = "<group>"; };
/* End PBXFileReference section */

/* Begin PBXFrameworksBuildPhase section */
		A6B2848018DB210E00E2654D /* Frameworks */ = {
			isa = PBXFrameworksBuildPhase;
			buildActionMask = 2147483647;
			files = (
				5689E49018DDC9D200FF1594 /* Social.framework in Frameworks */,
				5689E49218DDC9D900FF1594 /* AVFoundation.framework in Frameworks */,
				A6523F0F18DCCEA8001A68F0 /* QuartzCore.framework in Frameworks */,
				A6B2848918DB210F00E2654D /* CoreGraphics.framework in Frameworks */,
				A6B2848B18DB210F00E2654D /* UIKit.framework in Frameworks */,
				A6B2848D18DB210F00E2654D /* SpriteKit.framework in Frameworks */,
				A6B2848718DB210F00E2654D /* Foundation.framework in Frameworks */,
			);
			runOnlyForDeploymentPostprocessing = 0;
		};
		A6B284A818DB210F00E2654D /* Frameworks */ = {
			isa = PBXFrameworksBuildPhase;
			buildActionMask = 2147483647;
			files = (
				A6B284AD18DB210F00E2654D /* XCTest.framework in Frameworks */,
				A6B284AF18DB210F00E2654D /* UIKit.framework in Frameworks */,
				A6B284AE18DB210F00E2654D /* Foundation.framework in Frameworks */,
			);
			runOnlyForDeploymentPostprocessing = 0;
		};
/* End PBXFrameworksBuildPhase section */

/* Begin PBXGroup section */
		56339B5B18E76BAB008713F9 /* Tools */ = {
			isa = PBXGroup;
			children = (
				A6E5A3DD18DDFB990082410C /* MZFormSheetController */,
				A6E79CF418DDEC9D00301D99 /* SoundPlayer.h */,
				A6E79CF518DDEC9D00301D99 /* SoundPlayer.m */,
			);
			name = Tools;
			sourceTree = "<group>";
		};
		56339B5C18E76BEB008713F9 /* Resources */ = {
			isa = PBXGroup;
			children = (
				A6B284A518DB210F00E2654D /* Images.xcassets */,
				5659478F18DDCFAD00066ECE /* Sounds */,
				56C1174218DF943800F6E79B /* Pictures */,
				A6B2848F18DB210F00E2654D /* Supporting Files */,
			);
			name = Resources;
			sourceTree = "<group>";
		};
		5659478F18DDCFAD00066ECE /* Sounds */ = {
			isa = PBXGroup;
			children = (
				5659479118DDD06400066ECE /* Background */,
				5659479218DDD07600066ECE /* Failure */,
				5659479318DDD08400066ECE /* Success */,
				5659479418DDD09A00066ECE /* Swipe */,
				5659479518DDD0B000066ECE /* Pop */,
			);
			name = Sounds;
			sourceTree = "<group>";
		};
		5659479118DDD06400066ECE /* Background */ = {
			isa = PBXGroup;
			children = (
				5659477518DDCF8200066ECE /* 157846_darkmast49_fightscene (mp3cut.net).wav */,
				5659477818DDCF8200066ECE /* 157846__darkmast49__fightscene.mp3 */,
				5659478118DDCF8200066ECE /* The Binary Code Song.mp3 */,
			);
			name = Background;
			sourceTree = "<group>";
		};
		5659479218DDD07600066ECE /* Failure */ = {
			isa = PBXGroup;
			children = (
				5659477618DDCF8200066ECE /* 138490__randomationpictures__powerdown-2.wav */,
				5659477718DDCF8200066ECE /* Computer Error-SoundBible.com-1655839472.wav */,
			);
			name = Failure;
			sourceTree = "<group>";
		};
		5659479318DDD08400066ECE /* Success */ = {
			isa = PBXGroup;
			children = (
				5659477918DDCF8200066ECE /* 177120__rdholder__2dogsound-tadaa1-3s-2013jan31-cc-by-30-us.wav */,
				5659477A18DDCF8200066ECE /* 171671__fins__success-1.wav */,
			);
			name = Success;
			sourceTree = "<group>";
		};
		5659479418DDD09A00066ECE /* Swipe */ = {
			isa = PBXGroup;
			children = (
				5659477C18DDCF8200066ECE /* 219005__yap-audio-production__weaponswipe03.mp3 */,
			);
			name = Swipe;
			sourceTree = "<group>";
		};
		5659479518DDD0B000066ECE /* Pop */ = {
			isa = PBXGroup;
			children = (
				5659477D18DDCF8200066ECE /* 83237__mlestn1__pop.wav */,
				5659477E18DDCF8200066ECE /* 67095__sunnysidesound__pop-9.aif */,
				5659477F18DDCF8200066ECE /* 202230__deraj__pop-sound.wav */,
				5659478018DDCF8200066ECE /* 47498__carlsablowedwards__mouthpop-02.wav */,
			);
			name = Pop;
			sourceTree = "<group>";
		};
		56C1174218DF943800F6E79B /* Pictures */ = {
			isa = PBXGroup;
			children = (
				56C1174318DF944D00F6E79B /* App Icon [Squared] */,
				56C1173E18DF941300F6E79B /* LauchImageR4.png */,
				56C1173F18DF941300F6E79B /* LauchImage@2x.png */,
			);
			name = Pictures;
			sourceTree = "<group>";
		};
		56C1174318DF944D00F6E79B /* App Icon [Squared] */ = {
			isa = PBXGroup;
			children = (
				56C1174418DF944D00F6E79B /* AppIcon29x29.png */,
				56C1174518DF944D00F6E79B /* AppIcon29x29@2x.png */,
				56C1174618DF944D00F6E79B /* AppIcon40x40.png */,
				56C1174718DF944D00F6E79B /* AppIcon40x40@2x.png */,
				56C1174818DF944D00F6E79B /* AppIcon50x50.png */,
				56C1174918DF944D00F6E79B /* AppIcon50x50@2x.png */,
				56C1174A18DF944D00F6E79B /* AppIcon57x57.png */,
				56C1174B18DF944D00F6E79B /* AppIcon57x57@2x.png */,
				56C1174C18DF944D00F6E79B /* AppIcon60x60.png */,
				56C1174D18DF944D00F6E79B /* AppIcon60x60@2x.png */,
				56C1174E18DF944D00F6E79B /* AppIcon72x72.png */,
				56C1174F18DF944D00F6E79B /* AppIcon72x72@2x.png */,
				56C1175018DF944D00F6E79B /* AppIcon76x76.png */,
				56C1175118DF944D00F6E79B /* AppIcon76x76@2x.png */,
				56C1175218DF944D00F6E79B /* iTunesArtwork.png */,
				56C1175318DF944D00F6E79B /* iTunesArtwork@2x.png */,
			);
			path = "App Icon [Squared]";
			sourceTree = "<group>";
		};
		A6B2847A18DB210D00E2654D = {
			isa = PBXGroup;
			children = (
				A6B2848E18DB210F00E2654D /* TW048 */,
				A6B284B218DB210F00E2654D /* TW048Tests */,
				A6B2848518DB210E00E2654D /* Frameworks */,
				A6B2848418DB210E00E2654D /* Products */,
			);
			sourceTree = "<group>";
		};
		A6B2848418DB210E00E2654D /* Products */ = {
			isa = PBXGroup;
			children = (
				A6B2848318DB210E00E2654D /* TW048.app */,
				A6B284AB18DB210F00E2654D /* TW048Tests.xctest */,
			);
			name = Products;
			sourceTree = "<group>";
		};
		A6B2848518DB210E00E2654D /* Frameworks */ = {
			isa = PBXGroup;
			children = (
				5689E49118DDC9D900FF1594 /* AVFoundation.framework */,
				5689E48F18DDC9D100FF1594 /* Social.framework */,
				A6523F0E18DCCEA8001A68F0 /* QuartzCore.framework */,
				A6B2848618DB210E00E2654D /* Foundation.framework */,
				A6B2848818DB210F00E2654D /* CoreGraphics.framework */,
				A6B2848A18DB210F00E2654D /* UIKit.framework */,
				A6B2848C18DB210F00E2654D /* SpriteKit.framework */,
				A6B284AC18DB210F00E2654D /* XCTest.framework */,
			);
			name = Frameworks;
			sourceTree = "<group>";
		};
		A6B2848E18DB210F00E2654D /* TW048 */ = {
			isa = PBXGroup;
			children = (
				A6B2849718DB210F00E2654D /* NRAppDelegate.h */,
				A6B2849818DB210F00E2654D /* NRAppDelegate.m */,
				A6B2849A18DB210F00E2654D /* Main.storyboard */,
				A6B2849D18DB210F00E2654D /* NRGameViewController.h */,
				A6B2849E18DB210F00E2654D /* NRGameViewController.m */,
				A6E5A3F318DDFC700082410C /* NRGameOverSheetViewController.h */,
				A6E5A3F418DDFC700082410C /* NRGameOverSheetViewController.m */,
				A6D44D7A18DB564C004619FE /* Game Scene */,
				56339B5B18E76BAB008713F9 /* Tools */,
				56339B5C18E76BEB008713F9 /* Resources */,
			);
			path = TW048;
			sourceTree = "<group>";
		};
		A6B2848F18DB210F00E2654D /* Supporting Files */ = {
			isa = PBXGroup;
			children = (
				A6B2849018DB210F00E2654D /* TW048-Info.plist */,
				A6E79CF218DDD2C600301D99 /* Acknowledgements.md */,
				A6B2849118DB210F00E2654D /* InfoPlist.strings */,
				A6B2849418DB210F00E2654D /* main.m */,
				A6B2849618DB210F00E2654D /* TW048-Prefix.pch */,
			);
			name = "Supporting Files";
			sourceTree = "<group>";
		};
		A6B284B218DB210F00E2654D /* TW048Tests */ = {
			isa = PBXGroup;
			children = (
				A6B284B818DB210F00E2654D /* TW048Tests.m */,
				A6B284B318DB210F00E2654D /* Supporting Files */,
			);
			path = TW048Tests;
			sourceTree = "<group>";
		};
		A6B284B318DB210F00E2654D /* Supporting Files */ = {
			isa = PBXGroup;
			children = (
				A6B284B418DB210F00E2654D /* TW048Tests-Info.plist */,
				A6B284B518DB210F00E2654D /* InfoPlist.strings */,
			);
			name = "Supporting Files";
			sourceTree = "<group>";
		};
		A6D44D7A18DB564C004619FE /* Game Scene */ = {
			isa = PBXGroup;
			children = (
				A6B284A018DB210F00E2654D /* NRGameScene.h */,
				A6B284A118DB210F00E2654D /* NRGameScene.m */,
				A6A4005D18DC76E800E11F35 /* NRTileMap.h */,
				A6A4005E18DC76E800E11F35 /* NRTileMap.m */,
				A6523F1018DCF0B2001A68F0 /* NRTile.h */,
				A6523F1118DCF0B2001A68F0 /* NRTile.m */,
				A6523F1618DD19FA001A68F0 /* NRTileMatrix.h */,
				A6523F1718DD19FA001A68F0 /* NRTileMatrix.m */,
			);
			name = "Game Scene";
			sourceTree = "<group>";
		};
		A6E5A3DD18DDFB990082410C /* MZFormSheetController */ = {
			isa = PBXGroup;
			children = (
				A6E5A3F618DDFDD00082410C /* Additional */,
				A6E5A3DE18DDFB990082410C /* MZFormSheetBackgroundWindow.h */,
				A6E5A3DF18DDFB990082410C /* MZFormSheetBackgroundWindow.m */,
				A6E5A3E018DDFB990082410C /* MZFormSheetBackgroundWindowViewController.h */,
				A6E5A3E118DDFB990082410C /* MZFormSheetBackgroundWindowViewController.m */,
				A6E5A3E218DDFB990082410C /* MZFormSheetController.h */,
				A6E5A3E318DDFB990082410C /* MZFormSheetController.m */,
				A6E5A3E418DDFB990082410C /* MZFormSheetSegue.h */,
				A6E5A3E518DDFB990082410C /* MZFormSheetSegue.m */,
				A6E5A3E618DDFB990082410C /* MZTransition.h */,
				A6E5A3E718DDFB990082410C /* MZTransition.m */,
				A6E5A3E818DDFB990082410C /* UIImage+Additional.h */,
				A6E5A3E918DDFB990082410C /* UIImage+Additional.m */,
				A6E5A3EA18DDFB990082410C /* UIViewController+TargetViewController.h */,
				A6E5A3EB18DDFB990082410C /* UIViewController+TargetViewController.m */,
			);
			path = MZFormSheetController;
			sourceTree = "<group>";
		};
		A6E5A3F618DDFDD00082410C /* Additional */ = {
			isa = PBXGroup;
			children = (
				A6E5A3F718DDFDD00082410C /* MZAppearance.h */,
				A6E5A3F818DDFDD00082410C /* MZAppearance.m */,
				A6E5A3F918DDFDD00082410C /* NSInvocation+Copy.h */,
				A6E5A3FA18DDFDD00082410C /* NSInvocation+Copy.m */,
			);
			path = Additional;
			sourceTree = "<group>";
		};
/* End PBXGroup section */

/* Begin PBXNativeTarget section */
		A6B2848218DB210E00E2654D /* TW048 */ = {
			isa = PBXNativeTarget;
			buildConfigurationList = A6B284BC18DB210F00E2654D /* Build configuration list for PBXNativeTarget "TW048" */;
			buildPhases = (
				A6B2847F18DB210E00E2654D /* Sources */,
				A6B2848018DB210E00E2654D /* Frameworks */,
				A6B2848118DB210E00E2654D /* Resources */,
			);
			buildRules = (
			);
			dependencies = (
			);
			name = TW048;
			productName = TW048;
			productReference = A6B2848318DB210E00E2654D /* TW048.app */;
			productType = "com.apple.product-type.application";
		};
		A6B284AA18DB210F00E2654D /* TW048Tests */ = {
			isa = PBXNativeTarget;
			buildConfigurationList = A6B284BF18DB210F00E2654D /* Build configuration list for PBXNativeTarget "TW048Tests" */;
			buildPhases = (
				A6B284A718DB210F00E2654D /* Sources */,
				A6B284A818DB210F00E2654D /* Frameworks */,
				A6B284A918DB210F00E2654D /* Resources */,
			);
			buildRules = (
			);
			dependencies = (
				A6B284B118DB210F00E2654D /* PBXTargetDependency */,
			);
			name = TW048Tests;
			productName = TW048Tests;
			productReference = A6B284AB18DB210F00E2654D /* TW048Tests.xctest */;
			productType = "com.apple.product-type.bundle.unit-test";
		};
/* End PBXNativeTarget section */

/* Begin PBXProject section */
		A6B2847B18DB210D00E2654D /* Project object */ = {
			isa = PBXProject;
			attributes = {
				CLASSPREFIX = NR;
				LastUpgradeCheck = 0510;
				ORGANIZATIONNAME = "Niklas Riekenbrauck";
				TargetAttributes = {
					A6B284AA18DB210F00E2654D = {
						TestTargetID = A6B2848218DB210E00E2654D;
					};
				};
			};
			buildConfigurationList = A6B2847E18DB210D00E2654D /* Build configuration list for PBXProject "TW048" */;
			compatibilityVersion = "Xcode 3.2";
			developmentRegion = English;
			hasScannedForEncodings = 0;
			knownRegions = (
				en,
				Base,
			);
			mainGroup = A6B2847A18DB210D00E2654D;
			productRefGroup = A6B2848418DB210E00E2654D /* Products */;
			projectDirPath = "";
			projectRoot = "";
			targets = (
				A6B2848218DB210E00E2654D /* TW048 */,
				A6B284AA18DB210F00E2654D /* TW048Tests */,
			);
		};
/* End PBXProject section */

/* Begin PBXResourcesBuildPhase section */
		A6B2848118DB210E00E2654D /* Resources */ = {
			isa = PBXResourcesBuildPhase;
			buildActionMask = 2147483647;
			files = (
				5659478518DDCF8200066ECE /* 157846__darkmast49__fightscene.mp3 in Resources */,
				5659478A18DDCF8200066ECE /* 83237__mlestn1__pop.wav in Resources */,
				5659478218DDCF8200066ECE /* 157846_darkmast49_fightscene (mp3cut.net).wav in Resources */,
				5659478418DDCF8200066ECE /* Computer Error-SoundBible.com-1655839472.wav in Resources */,
				5659478318DDCF8200066ECE /* 138490__randomationpictures__powerdown-2.wav in Resources */,
				5659478918DDCF8200066ECE /* 219005__yap-audio-production__weaponswipe03.mp3 in Resources */,
				A6B1259218DC733900D07377 /* Main.storyboard in Resources */,
				5659478618DDCF8200066ECE /* 177120__rdholder__2dogsound-tadaa1-3s-2013jan31-cc-by-30-us.wav in Resources */,
				5659478D18DDCF8200066ECE /* 47498__carlsablowedwards__mouthpop-02.wav in Resources */,
				5659478718DDCF8200066ECE /* 171671__fins__success-1.wav in Resources */,
				5659478B18DDCF8200066ECE /* 67095__sunnysidesound__pop-9.aif in Resources */,
				5659478C18DDCF8200066ECE /* 202230__deraj__pop-sound.wav in Resources */,
				5659478E18DDCF8200066ECE /* The Binary Code Song.mp3 in Resources */,
				A6E79CF318DDD2C600301D99 /* Acknowledgements.md in Resources */,
				A6B284A618DB210F00E2654D /* Images.xcassets in Resources */,
			);
			runOnlyForDeploymentPostprocessing = 0;
		};
		A6B284A918DB210F00E2654D /* Resources */ = {
			isa = PBXResourcesBuildPhase;
			buildActionMask = 2147483647;
			files = (
				A6B284B718DB210F00E2654D /* InfoPlist.strings in Resources */,
			);
			runOnlyForDeploymentPostprocessing = 0;
		};
/* End PBXResourcesBuildPhase section */

/* Begin PBXSourcesBuildPhase section */
		A6B2847F18DB210E00E2654D /* Sources */ = {
			isa = PBXSourcesBuildPhase;
			buildActionMask = 2147483647;
			files = (
				A6E5A3EF18DDFB990082410C /* MZFormSheetSegue.m in Sources */,
				A6E5A3EC18DDFB990082410C /* MZFormSheetBackgroundWindow.m in Sources */,
				A6523F1218DCF0B2001A68F0 /* NRTile.m in Sources */,
				A6523F1818DD19FA001A68F0 /* NRTileMatrix.m in Sources */,
				A6E5A3F118DDFB990082410C /* UIImage+Additional.m in Sources */,
				A6B2849F18DB210F00E2654D /* NRGameViewController.m in Sources */,
				A6E5A3EE18DDFB990082410C /* MZFormSheetController.m in Sources */,
				A6E5A3FC18DDFDD00082410C /* NSInvocation+Copy.m in Sources */,
				A6E5A3F218DDFB990082410C /* UIViewController+TargetViewController.m in Sources */,
				A6B2849918DB210F00E2654D /* NRAppDelegate.m in Sources */,
				A6E5A3FB18DDFDD00082410C /* MZAppearance.m in Sources */,
				A6E5A3F518DDFC700082410C /* NRGameOverSheetViewController.m in Sources */,
				A6B284A218DB210F00E2654D /* NRGameScene.m in Sources */,
				A6A4005F18DC76E800E11F35 /* NRTileMap.m in Sources */,
				A6B2849518DB210F00E2654D /* main.m in Sources */,
				A6E5A3ED18DDFB990082410C /* MZFormSheetBackgroundWindowViewController.m in Sources */,
				A6E79CF618DDEC9D00301D99 /* SoundPlayer.m in Sources */,
				A6E5A3F018DDFB990082410C /* MZTransition.m in Sources */,
			);
			runOnlyForDeploymentPostprocessing = 0;
		};
		A6B284A718DB210F00E2654D /* Sources */ = {
			isa = PBXSourcesBuildPhase;
			buildActionMask = 2147483647;
			files = (
				A6B284B918DB210F00E2654D /* TW048Tests.m in Sources */,
			);
			runOnlyForDeploymentPostprocessing = 0;
		};
/* End PBXSourcesBuildPhase section */

/* Begin PBXTargetDependency section */
		A6B284B118DB210F00E2654D /* PBXTargetDependency */ = {
			isa = PBXTargetDependency;
			target = A6B2848218DB210E00E2654D /* TW048 */;
			targetProxy = A6B284B018DB210F00E2654D /* PBXContainerItemProxy */;
		};
/* End PBXTargetDependency section */

/* Begin PBXVariantGroup section */
		A6B2849118DB210F00E2654D /* InfoPlist.strings */ = {
			isa = PBXVariantGroup;
			children = (
				A6B2849218DB210F00E2654D /* en */,
			);
			name = InfoPlist.strings;
			sourceTree = "<group>";
		};
		A6B2849A18DB210F00E2654D /* Main.storyboard */ = {
			isa = PBXVariantGroup;
			children = (
				A6B2849B18DB210F00E2654D /* Base */,
			);
			name = Main.storyboard;
			sourceTree = "<group>";
		};
		A6B284B518DB210F00E2654D /* InfoPlist.strings */ = {
			isa = PBXVariantGroup;
			children = (
				A6B284B618DB210F00E2654D /* en */,
			);
			name = InfoPlist.strings;
			sourceTree = "<group>";
		};
/* End PBXVariantGroup section */

/* Begin XCBuildConfiguration section */
		A6B284BA18DB210F00E2654D /* Debug */ = {
			isa = XCBuildConfiguration;
			buildSettings = {
				ALWAYS_SEARCH_USER_PATHS = NO;
				CLANG_CXX_LANGUAGE_STANDARD = "gnu++0x";
				CLANG_CXX_LIBRARY = "libc++";
				CLANG_ENABLE_MODULES = YES;
				CLANG_ENABLE_OBJC_ARC = YES;
				CLANG_WARN_BOOL_CONVERSION = YES;
				CLANG_WARN_CONSTANT_CONVERSION = YES;
				CLANG_WARN_DIRECT_OBJC_ISA_USAGE = YES_ERROR;
				CLANG_WARN_EMPTY_BODY = YES;
				CLANG_WARN_ENUM_CONVERSION = YES;
				CLANG_WARN_INT_CONVERSION = YES;
				CLANG_WARN_OBJC_ROOT_CLASS = YES_ERROR;
				CLANG_WARN__DUPLICATE_METHOD_MATCH = YES;
				"CODE_SIGN_IDENTITY[sdk=iphoneos*]" = "iPhone Developer";
				COPY_PHASE_STRIP = NO;
				GCC_C_LANGUAGE_STANDARD = gnu99;
				GCC_DYNAMIC_NO_PIC = NO;
				GCC_OPTIMIZATION_LEVEL = 0;
				GCC_PREPROCESSOR_DEFINITIONS = (
					"DEBUG=1",
					"$(inherited)",
				);
				GCC_SYMBOLS_PRIVATE_EXTERN = NO;
				GCC_WARN_64_TO_32_BIT_CONVERSION = YES;
				GCC_WARN_ABOUT_RETURN_TYPE = YES_ERROR;
				GCC_WARN_UNDECLARED_SELECTOR = YES;
				GCC_WARN_UNINITIALIZED_AUTOS = YES_AGGRESSIVE;
				GCC_WARN_UNUSED_FUNCTION = YES;
				GCC_WARN_UNUSED_VARIABLE = YES;
				IPHONEOS_DEPLOYMENT_TARGET = 7.1;
				ONLY_ACTIVE_ARCH = YES;
				SDKROOT = iphoneos;
			};
			name = Debug;
		};
		A6B284BB18DB210F00E2654D /* Release */ = {
			isa = XCBuildConfiguration;
			buildSettings = {
				ALWAYS_SEARCH_USER_PATHS = NO;
				CLANG_CXX_LANGUAGE_STANDARD = "gnu++0x";
				CLANG_CXX_LIBRARY = "libc++";
				CLANG_ENABLE_MODULES = YES;
				CLANG_ENABLE_OBJC_ARC = YES;
				CLANG_WARN_BOOL_CONVERSION = YES;
				CLANG_WARN_CONSTANT_CONVERSION = YES;
				CLANG_WARN_DIRECT_OBJC_ISA_USAGE = YES_ERROR;
				CLANG_WARN_EMPTY_BODY = YES;
				CLANG_WARN_ENUM_CONVERSION = YES;
				CLANG_WARN_INT_CONVERSION = YES;
				CLANG_WARN_OBJC_ROOT_CLASS = YES_ERROR;
				CLANG_WARN__DUPLICATE_METHOD_MATCH = YES;
				"CODE_SIGN_IDENTITY[sdk=iphoneos*]" = "iPhone Developer";
				COPY_PHASE_STRIP = YES;
				ENABLE_NS_ASSERTIONS = NO;
				GCC_C_LANGUAGE_STANDARD = gnu99;
				GCC_WARN_64_TO_32_BIT_CONVERSION = YES;
				GCC_WARN_ABOUT_RETURN_TYPE = YES_ERROR;
				GCC_WARN_UNDECLARED_SELECTOR = YES;
				GCC_WARN_UNINITIALIZED_AUTOS = YES_AGGRESSIVE;
				GCC_WARN_UNUSED_FUNCTION = YES;
				GCC_WARN_UNUSED_VARIABLE = YES;
				IPHONEOS_DEPLOYMENT_TARGET = 7.1;
				SDKROOT = iphoneos;
				VALIDATE_PRODUCT = YES;
			};
			name = Release;
		};
		A6B284BD18DB210F00E2654D /* Debug */ = {
			isa = XCBuildConfiguration;
			buildSettings = {
				ASSETCATALOG_COMPILER_APPICON_NAME = AppIcon;
				ASSETCATALOG_COMPILER_LAUNCHIMAGE_NAME = LaunchImage;
				GCC_PRECOMPILE_PREFIX_HEADER = YES;
				GCC_PREFIX_HEADER = "TW048/TW048-Prefix.pch";
				INFOPLIST_FILE = "TW048/TW048-Info.plist";
				PRODUCT_NAME = "$(TARGET_NAME)";
				SPRITEKIT_TEXTURE_ATLAS_OUTPUT = YES;
				WRAPPER_EXTENSION = app;
			};
			name = Debug;
		};
		A6B284BE18DB210F00E2654D /* Release */ = {
			isa = XCBuildConfiguration;
			buildSettings = {
				ASSETCATALOG_COMPILER_APPICON_NAME = AppIcon;
				ASSETCATALOG_COMPILER_LAUNCHIMAGE_NAME = LaunchImage;
				GCC_PRECOMPILE_PREFIX_HEADER = YES;
				GCC_PREFIX_HEADER = "TW048/TW048-Prefix.pch";
				INFOPLIST_FILE = "TW048/TW048-Info.plist";
				PRODUCT_NAME = "$(TARGET_NAME)";
				SPRITEKIT_TEXTURE_ATLAS_OUTPUT = YES;
				WRAPPER_EXTENSION = app;
			};
			name = Release;
		};
		A6B284C018DB210F00E2654D /* Debug */ = {
			isa = XCBuildConfiguration;
			buildSettings = {
				BUNDLE_LOADER = "$(BUILT_PRODUCTS_DIR)/TW048.app/TW048";
				FRAMEWORK_SEARCH_PATHS = (
					"$(SDKROOT)/Developer/Library/Frameworks",
					"$(inherited)",
					"$(DEVELOPER_FRAMEWORKS_DIR)",
				);
				GCC_PRECOMPILE_PREFIX_HEADER = YES;
				GCC_PREFIX_HEADER = "TW048/TW048-Prefix.pch";
				GCC_PREPROCESSOR_DEFINITIONS = (
					"DEBUG=1",
					"$(inherited)",
				);
				INFOPLIST_FILE = "TW048Tests/TW048Tests-Info.plist";
				PRODUCT_NAME = "$(TARGET_NAME)";
				TEST_HOST = "$(BUNDLE_LOADER)";
				WRAPPER_EXTENSION = xctest;
			};
			name = Debug;
		};
		A6B284C118DB210F00E2654D /* Release */ = {
			isa = XCBuildConfiguration;
			buildSettings = {
				BUNDLE_LOADER = "$(BUILT_PRODUCTS_DIR)/TW048.app/TW048";
				FRAMEWORK_SEARCH_PATHS = (
					"$(SDKROOT)/Developer/Library/Frameworks",
					"$(inherited)",
					"$(DEVELOPER_FRAMEWORKS_DIR)",
				);
				GCC_PRECOMPILE_PREFIX_HEADER = YES;
				GCC_PREFIX_HEADER = "TW048/TW048-Prefix.pch";
				INFOPLIST_FILE = "TW048Tests/TW048Tests-Info.plist";
				PRODUCT_NAME = "$(TARGET_NAME)";
				TEST_HOST = "$(BUNDLE_LOADER)";
				WRAPPER_EXTENSION = xctest;
			};
			name = Release;
		};
/* End XCBuildConfiguration section */

/* Begin XCConfigurationList section */
		A6B2847E18DB210D00E2654D /* Build configuration list for PBXProject "TW048" */ = {
			isa = XCConfigurationList;
			buildConfigurations = (
				A6B284BA18DB210F00E2654D /* Debug */,
				A6B284BB18DB210F00E2654D /* Release */,
			);
			defaultConfigurationIsVisible = 0;
			defaultConfigurationName = Release;
		};
		A6B284BC18DB210F00E2654D /* Build configuration list for PBXNativeTarget "TW048" */ = {
			isa = XCConfigurationList;
			buildConfigurations = (
				A6B284BD18DB210F00E2654D /* Debug */,
				A6B284BE18DB210F00E2654D /* Release */,
			);
			defaultConfigurationIsVisible = 0;
			defaultConfigurationName = Release;
		};
		A6B284BF18DB210F00E2654D /* Build configuration list for PBXNativeTarget "TW048Tests" */ = {
			isa = XCConfigurationList;
			buildConfigurations = (
				A6B284C018DB210F00E2654D /* Debug */,
				A6B284C118DB210F00E2654D /* Release */,
			);
			defaultConfigurationIsVisible = 0;
			defaultConfigurationName = Release;
		};
/* End XCConfigurationList section */
	};
	rootObject = A6B2847B18DB210D00E2654D /* Project object */;
}
